// !$*UTF8*$!
{
	archiveVersion = 1;
	classes = {
	};
	objectVersion = 77;
	objects = {

/* Begin PBXContainerItemProxy section */
		6FF819082E2F3DF100DAACDE /* PBXContainerItemProxy */ = {
			isa = PBXContainerItemProxy;
			containerPortal = 6FF818EB2E2F3DF000DAACDE /* Project object */;
			proxyType = 1;
			remoteGlobalIDString = 6FF818F22E2F3DF000DAACDE;
			remoteInfo = "Jumping Quail Solutions Blog";
		};
		6FF819122E2F3DF100DAACDE /* PBXContainerItemProxy */ = {
			isa = PBXContainerItemProxy;
			containerPortal = 6FF818EB2E2F3DF000DAACDE /* Project object */;
			proxyType = 1;
			remoteGlobalIDString = 6FF818F22E2F3DF000DAACDE;
			remoteInfo = "Jumping Quail Solutions Blog";
		};
/* End PBXContainerItemProxy section */

/* Begin PBXFileReference section */
		6FF818F32E2F3DF000DAACDE /* Jumping Quail Solutions Blog.app */ = {isa = PBXFileReference; explicitFileType = wrapper.application; includeInIndex = 0; path = "Jumping Quail Solutions Blog.app"; sourceTree = BUILT_PRODUCTS_DIR; };
		6FF819072E2F3DF100DAACDE /* Jumping Quail Solutions BlogTests.xctest */ = {isa = PBXFileReference; explicitFileType = wrapper.cfbundle; includeInIndex = 0; path = "Jumping Quail Solutions BlogTests.xctest"; sourceTree = BUILT_PRODUCTS_DIR; };
		6FF819112E2F3DF100DAACDE /* Jumping Quail Solutions BlogUITests.xctest */ = {isa = PBXFileReference; explicitFileType = wrapper.cfbundle; includeInIndex = 0; path = "Jumping Quail Solutions BlogUITests.xctest"; sourceTree = BUILT_PRODUCTS_DIR; };
/* End PBXFileReference section */

/* Begin PBXFileSystemSynchronizedBuildFileExceptionSet section */
		6FF819192E2F3DF100DAACDE /* Exceptions for "Jumping Quail Solutions Blog" folder in "Jumping Quail Solutions Blog" target */ = {
			isa = PBXFileSystemSynchronizedBuildFileExceptionSet;
			membershipExceptions = (
				Info.plist,
			);
			target = 6FF818F22E2F3DF000DAACDE /* Jumping Quail Solutions Blog */;
		};
/* End PBXFileSystemSynchronizedBuildFileExceptionSet section */

/* Begin PBXFileSystemSynchronizedRootGroup section */
		6FF818F52E2F3DF000DAACDE /* Jumping Quail Solutions Blog */ = {
			isa = PBXFileSystemSynchronizedRootGroup;
			exceptions = (
				6FF819192E2F3DF100DAACDE /* Exceptions for "Jumping Quail Solutions Blog" folder in "Jumping Quail Solutions Blog" target */,
			);
			path = "Jumping Quail Solutions Blog";
			sourceTree = "<group>";
		};
		6FF8190A2E2F3DF100DAACDE /* Jumping Quail Solutions BlogTests */ = {
			isa = PBXFileSystemSynchronizedRootGroup;
			path = "Jumping Quail Solutions BlogTests";
			sourceTree = "<group>";
		};
		6FF819142E2F3DF100DAACDE /* Jumping Quail Solutions BlogUITests */ = {
			isa = PBXFileSystemSynchronizedRootGroup;
			path = "Jumping Quail Solutions BlogUITests";
			sourceTree = "<group>";
		};
/* End PBXFileSystemSynchronizedRootGroup section */

/* Begin PBXFrameworksBuildPhase section */
		6FF818F02E2F3DF000DAACDE /* Frameworks */ = {
			isa = PBXFrameworksBuildPhase;
			buildActionMask = 2147483647;
			files = (
			);
			runOnlyForDeploymentPostprocessing = 0;
		};
		6FF819042E2F3DF100DAACDE /* Frameworks */ = {
			isa = PBXFrameworksBuildPhase;
			buildActionMask = 2147483647;
			files = (
			);
			runOnlyForDeploymentPostprocessing = 0;
		};
		6FF8190E2E2F3DF100DAACDE /* Frameworks */ = {
			isa = PBXFrameworksBuildPhase;
			buildActionMask = 2147483647;
			files = (
			);
			runOnlyForDeploymentPostprocessing = 0;
		};
/* End PBXFrameworksBuildPhase section */

/* Begin PBXGroup section */
		6FF818EA2E2F3DF000DAACDE = {
			isa = PBXGroup;
			children = (
				6FF818F52E2F3DF000DAACDE /* Jumping Quail Solutions Blog */,
				6FF8190A2E2F3DF100DAACDE /* Jumping Quail Solutions BlogTests */,
				6FF819142E2F3DF100DAACDE /* Jumping Quail Solutions BlogUITests */,
				6FF818F42E2F3DF000DAACDE /* Products */,
			);
			sourceTree = "<group>";
		};
		6FF818F42E2F3DF000DAACDE /* Products */ = {
			isa = PBXGroup;
			children = (
				6FF818F32E2F3DF000DAACDE /* Jumping Quail Solutions Blog.app */,
				6FF819072E2F3DF100DAACDE /* Jumping Quail Solutions BlogTests.xctest */,
				6FF819112E2F3DF100DAACDE /* Jumping Quail Solutions BlogUITests.xctest */,
			);
			name = Products;
			sourceTree = "<group>";
		};
/* End PBXGroup section */

/* Begin PBXNativeTarget section */
		6FF818F22E2F3DF000DAACDE /* Jumping Quail Solutions Blog */ = {
			isa = PBXNativeTarget;
			buildConfigurationList = 6FF8191A2E2F3DF100DAACDE /* Build configuration list for PBXNativeTarget "Jumping Quail Solutions Blog" */;
			buildPhases = (
				6FF818EF2E2F3DF000DAACDE /* Sources */,
				6FF818F02E2F3DF000DAACDE /* Frameworks */,
				6FF818F12E2F3DF000DAACDE /* Resources */,
			);
			buildRules = (
			);
			dependencies = (
			);
			fileSystemSynchronizedGroups = (
				6FF818F52E2F3DF000DAACDE /* Jumping Quail Solutions Blog */,
			);
			name = "Jumping Quail Solutions Blog";
			packageProductDependencies = (
			);
			productName = "Jumping Quail Solutions Blog";
			productReference = 6FF818F32E2F3DF000DAACDE /* Jumping Quail Solutions Blog.app */;
			productType = "com.apple.product-type.application";
		};
		6FF819062E2F3DF100DAACDE /* Jumping Quail Solutions BlogTests */ = {
			isa = PBXNativeTarget;
			buildConfigurationList = 6FF8191F2E2F3DF100DAACDE /* Build configuration list for PBXNativeTarget "Jumping Quail Solutions BlogTests" */;
			buildPhases = (
				6FF819032E2F3DF100DAACDE /* Sources */,
				6FF819042E2F3DF100DAACDE /* Frameworks */,
				6FF819052E2F3DF100DAACDE /* Resources */,
			);
			buildRules = (
			);
			dependencies = (
				6FF819092E2F3DF100DAACDE /* PBXTargetDependency */,
			);
			fileSystemSynchronizedGroups = (
				6FF8190A2E2F3DF100DAACDE /* Jumping Quail Solutions BlogTests */,
			);
			name = "Jumping Quail Solutions BlogTests";
			packageProductDependencies = (
			);
			productName = "Jumping Quail Solutions BlogTests";
			productReference = 6FF819072E2F3DF100DAACDE /* Jumping Quail Solutions BlogTests.xctest */;
			productType = "com.apple.product-type.bundle.unit-test";
		};
		6FF819102E2F3DF100DAACDE /* Jumping Quail Solutions BlogUITests */ = {
			isa = PBXNativeTarget;
			buildConfigurationList = 6FF819222E2F3DF100DAACDE /* Build configuration list for PBXNativeTarget "Jumping Quail Solutions BlogUITests" */;
			buildPhases = (
				6FF8190D2E2F3DF100DAACDE /* Sources */,
				6FF8190E2E2F3DF100DAACDE /* Frameworks */,
				6FF8190F2E2F3DF100DAACDE /* Resources */,
			);
			buildRules = (
			);
			dependencies = (
				6FF819132E2F3DF100DAACDE /* PBXTargetDependency */,
			);
			fileSystemSynchronizedGroups = (
				6FF819142E2F3DF100DAACDE /* Jumping Quail Solutions BlogUITests */,
			);
			name = "Jumping Quail Solutions BlogUITests";
			packageProductDependencies = (
			);
			productName = "Jumping Quail Solutions BlogUITests";
			productReference = 6FF819112E2F3DF100DAACDE /* Jumping Quail Solutions BlogUITests.xctest */;
			productType = "com.apple.product-type.bundle.ui-testing";
		};
/* End PBXNativeTarget section */

/* Begin PBXProject section */
		6FF818EB2E2F3DF000DAACDE /* Project object */ = {
			isa = PBXProject;
			attributes = {
				BuildIndependentTargetsInParallel = 1;
				LastSwiftUpdateCheck = 1640;
				LastUpgradeCheck = 1640;
				TargetAttributes = {
					6FF818F22E2F3DF000DAACDE = {
						CreatedOnToolsVersion = 16.4;
					};
					6FF819062E2F3DF100DAACDE = {
						CreatedOnToolsVersion = 16.4;
						TestTargetID = 6FF818F22E2F3DF000DAACDE;
					};
					6FF819102E2F3DF100DAACDE = {
						CreatedOnToolsVersion = 16.4;
						TestTargetID = 6FF818F22E2F3DF000DAACDE;
					};
				};
			};
			buildConfigurationList = 6FF818EE2E2F3DF000DAACDE /* Build configuration list for PBXProject "Jumping Quail Solutions Blog" */;
			developmentRegion = en;
			hasScannedForEncodings = 0;
			knownRegions = (
				en,
				Base,
			);
			mainGroup = 6FF818EA2E2F3DF000DAACDE;
			minimizedProjectReferenceProxies = 1;
			preferredProjectObjectVersion = 77;
			productRefGroup = 6FF818F42E2F3DF000DAACDE /* Products */;
			projectDirPath = "";
			projectRoot = "";
			targets = (
				6FF818F22E2F3DF000DAACDE /* Jumping Quail Solutions Blog */,
				6FF819062E2F3DF100DAACDE /* Jumping Quail Solutions BlogTests */,
				6FF819102E2F3DF100DAACDE /* Jumping Quail Solutions BlogUITests */,
			);
		};
/* End PBXProject section */

/* Begin PBXResourcesBuildPhase section */
		6FF818F12E2F3DF000DAACDE /* Resources */ = {
			isa = PBXResourcesBuildPhase;
			buildActionMask = 2147483647;
			files = (
			);
			runOnlyForDeploymentPostprocessing = 0;
		};
		6FF819052E2F3DF100DAACDE /* Resources */ = {
			isa = PBXResourcesBuildPhase;
			buildActionMask = 2147483647;
			files = (
			);
			runOnlyForDeploymentPostprocessing = 0;
		};
		6FF8190F2E2F3DF100DAACDE /* Resources */ = {
			isa = PBXResourcesBuildPhase;
			buildActionMask = 2147483647;
			files = (
			);
			runOnlyForDeploymentPostprocessing = 0;
		};
/* End PBXResourcesBuildPhase section */

/* Begin PBXSourcesBuildPhase section */
		6FF818EF2E2F3DF000DAACDE /* Sources */ = {
			isa = PBXSourcesBuildPhase;
			buildActionMask = 2147483647;
			files = (
			);
			runOnlyForDeploymentPostprocessing = 0;
		};
		6FF819032E2F3DF100DAACDE /* Sources */ = {
			isa = PBXSourcesBuildPhase;
			buildActionMask = 2147483647;
			files = (
			);
			runOnlyForDeploymentPostprocessing = 0;
		};
		6FF8190D2E2F3DF100DAACDE /* Sources */ = {
			isa = PBXSourcesBuildPhase;
			buildActionMask = 2147483647;
			files = (
			);
			runOnlyForDeploymentPostprocessing = 0;
		};
/* End PBXSourcesBuildPhase section */

/* Begin PBXTargetDependency section */
		6FF819092E2F3DF100DAACDE /* PBXTargetDependency */ = {
			isa = PBXTargetDependency;
			target = 6FF818F22E2F3DF000DAACDE /* Jumping Quail Solutions Blog */;
			targetProxy = 6FF819082E2F3DF100DAACDE /* PBXContainerItemProxy */;
		};
		6FF819132E2F3DF100DAACDE /* PBXTargetDependency */ = {
			isa = PBXTargetDependency;
			target = 6FF818F22E2F3DF000DAACDE /* Jumping Quail Solutions Blog */;
			targetProxy = 6FF819122E2F3DF100DAACDE /* PBXContainerItemProxy */;
		};
/* End PBXTargetDependency section */

/* Begin XCBuildConfiguration section */
		6FF8191B2E2F3DF100DAACDE /* Debug */ = {
			isa = XCBuildConfiguration;
			buildSettings = {
				ASSETCATALOG_COMPILER_APPICON_NAME = AppIcon;
				ASSETCATALOG_COMPILER_GLOBAL_ACCENT_COLOR_NAME = AccentColor;
				CODE_SIGN_ENTITLEMENTS = "Jumping Quail Solutions Blog/Jumping Quail Solutions BlogDebug.entitlements";
				CODE_SIGN_STYLE = Automatic;
				CURRENT_PROJECT_VERSION = 1;
				DEVELOPMENT_TEAM = 7HMG9HH9T6;
				ENABLE_HARDENED_RUNTIME = YES;
				ENABLE_PREVIEWS = YES;
				GENERATE_INFOPLIST_FILE = YES;
				INFOPLIST_FILE = "Jumping Quail Solutions Blog/Info.plist";
				"INFOPLIST_KEY_UIApplicationSceneManifest_Generation[sdk=iphoneos*]" = YES;
				"INFOPLIST_KEY_UIApplicationSceneManifest_Generation[sdk=iphonesimulator*]" = YES;
				"INFOPLIST_KEY_UIApplicationSupportsIndirectInputEvents[sdk=iphoneos*]" = YES;
				"INFOPLIST_KEY_UIApplicationSupportsIndirectInputEvents[sdk=iphonesimulator*]" = YES;
				"INFOPLIST_KEY_UILaunchScreen_Generation[sdk=iphoneos*]" = YES;
				"INFOPLIST_KEY_UILaunchScreen_Generation[sdk=iphonesimulator*]" = YES;
				"INFOPLIST_KEY_UIStatusBarStyle[sdk=iphoneos*]" = UIStatusBarStyleDefault;
				"INFOPLIST_KEY_UIStatusBarStyle[sdk=iphonesimulator*]" = UIStatusBarStyleDefault;
				INFOPLIST_KEY_UISupportedInterfaceOrientations_iPad = "UIInterfaceOrientationPortrait UIInterfaceOrientationPortraitUpsideDown UIInterfaceOrientationLandscapeLeft UIInterfaceOrientationLandscapeRight";
				INFOPLIST_KEY_UISupportedInterfaceOrientations_iPhone = "UIInterfaceOrientationPortrait UIInterfaceOrientationLandscapeLeft UIInterfaceOrientationLandscapeRight";
				IPHONEOS_DEPLOYMENT_TARGET = 18.5;
				LD_RUNPATH_SEARCH_PATHS = "@executable_path/Frameworks";
				"LD_RUNPATH_SEARCH_PATHS[sdk=macosx*]" = "@executable_path/../Frameworks";
				MACOSX_DEPLOYMENT_TARGET = 15.5;
				MARKETING_VERSION = 1.0;
				PRODUCT_BUNDLE_IDENTIFIER = "Jumping-Quail-Solutions.Jumping-Quail-Solutions-Blog";
				PRODUCT_NAME = "$(TARGET_NAME)";
				REGISTER_APP_GROUPS = YES;
				SDKROOT = auto;
				SUPPORTED_PLATFORMS = "iphoneos iphonesimulator macosx xros xrsimulator";
				SWIFT_EMIT_LOC_STRINGS = YES;
				SWIFT_VERSION = 5.0;
				TARGETED_DEVICE_FAMILY = "1,2,7";
				XROS_DEPLOYMENT_TARGET = 2.5;
			};
			name = Debug;
		};
		6FF8191C2E2F3DF100DAACDE /* Release */ = {
			isa = XCBuildConfiguration;
			buildSettings = {
				ASSETCATALOG_COMPILER_APPICON_NAME = AppIcon;
				ASSETCATALOG_COMPILER_GLOBAL_ACCENT_COLOR_NAME = AccentColor;
				CODE_SIGN_ENTITLEMENTS = "Jumping Quail Solutions Blog/Jumping_Quail_Solutions_Blog.entitlements";
				CODE_SIGN_STYLE = Automatic;
				CURRENT_PROJECT_VERSION = 1;
				DEVELOPMENT_TEAM = 7HMG9HH9T6;
				ENABLE_HARDENED_RUNTIME = YES;
				ENABLE_PREVIEWS = YES;
				GENERATE_INFOPLIST_FILE = YES;
				INFOPLIST_FILE = "Jumping Quail Solutions Blog/Info.plist";
				"INFOPLIST_KEY_UIApplicationSceneManifest_Generation[sdk=iphoneos*]" = YES;
				"INFOPLIST_KEY_UIApplicationSceneManifest_Generation[sdk=iphonesimulator*]" = YES;
				"INFOPLIST_KEY_UIApplicationSupportsIndirectInputEvents[sdk=iphoneos*]" = YES;
				"INFOPLIST_KEY_UIApplicationSupportsIndirectInputEvents[sdk=iphonesimulator*]" = YES;
				"INFOPLIST_KEY_UILaunchScreen_Generation[sdk=iphoneos*]" = YES;
				"INFOPLIST_KEY_UILaunchScreen_Generation[sdk=iphonesimulator*]" = YES;
				"INFOPLIST_KEY_UIStatusBarStyle[sdk=iphoneos*]" = UIStatusBarStyleDefault;
				"INFOPLIST_KEY_UIStatusBarStyle[sdk=iphonesimulator*]" = UIStatusBarStyleDefault;
				INFOPLIST_KEY_UISupportedInterfaceOrientations_iPad = "UIInterfaceOrientationPortrait UIInterfaceOrientationPortraitUpsideDown UIInterfaceOrientationLandscapeLeft UIInterfaceOrientationLandscapeRight";
				INFOPLIST_KEY_UISupportedInterfaceOrientations_iPhone = "UIInterfaceOrientationPortrait UIInterfaceOrientationLandscapeLeft UIInterfaceOrientationLandscapeRight";
				IPHONEOS_DEPLOYMENT_TARGET = 18.5;
				LD_RUNPATH_SEARCH_PATHS = "@executable_path/Frameworks";
				"LD_RUNPATH_SEARCH_PATHS[sdk=macosx*]" = "@executable_path/../Frameworks";
				MACOSX_DEPLOYMENT_TARGET = 15.5;
				MARKETING_VERSION = 1.0;
				PRODUCT_BUNDLE_IDENTIFIER = "Jumping-Quail-Solutions.Jumping-Quail-Solutions-Blog";
				PRODUCT_NAME = "$(TARGET_NAME)";
				REGISTER_APP_GROUPS = YES;
				SDKROOT = auto;
				SUPPORTED_PLATFORMS = "iphoneos iphonesimulator macosx xros xrsimulator";
				SWIFT_EMIT_LOC_STRINGS = YES;
				SWIFT_VERSION = 5.0;
				TARGETED_DEVICE_FAMILY = "1,2,7";
				XROS_DEPLOYMENT_TARGET = 2.5;
			};
			name = Release;
		};
		6FF8191D2E2F3DF100DAACDE /* Debug */ = {
			isa = XCBuildConfiguration;
			buildSettings = {
				ALWAYS_SEARCH_USER_PATHS = NO;
				ASSETCATALOG_COMPILER_GENERATE_SWIFT_ASSET_SYMBOL_EXTENSIONS = YES;
				CLANG_ANALYZER_NONNULL = YES;
				CLANG_ANALYZER_NUMBER_OBJECT_CONVERSION = YES_AGGRESSIVE;
				CLANG_CXX_LANGUAGE_STANDARD = "gnu++20";
				CLANG_ENABLE_MODULES = YES;
				CLANG_ENABLE_OBJC_ARC = YES;
				CLANG_ENABLE_OBJC_WEAK = YES;
				CLANG_WARN_BLOCK_CAPTURE_AUTORELEASING = YES;
				CLANG_WARN_BOOL_CONVERSION = YES;
				CLANG_WARN_COMMA = YES;
				CLANG_WARN_CONSTANT_CONVERSION = YES;
				CLANG_WARN_DEPRECATED_OBJC_IMPLEMENTATIONS = YES;
				CLANG_WARN_DIRECT_OBJC_ISA_USAGE = YES_ERROR;
				CLANG_WARN_DOCUMENTATION_COMMENTS = YES;
				CLANG_WARN_EMPTY_BODY = YES;
				CLANG_WARN_ENUM_CONVERSION = YES;
				CLANG_WARN_INFINITE_RECURSION = YES;
				CLANG_WARN_INT_CONVERSION = YES;
				CLANG_WARN_NON_LITERAL_NULL_CONVERSION = YES;
				CLANG_WARN_OBJC_IMPLICIT_RETAIN_SELF = YES;
				CLANG_WARN_OBJC_LITERAL_CONVERSION = YES;
				CLANG_WARN_OBJC_ROOT_CLASS = YES_ERROR;
				CLANG_WARN_QUOTED_INCLUDE_IN_FRAMEWORK_HEADER = YES;
				CLANG_WARN_RANGE_LOOP_ANALYSIS = YES;
				CLANG_WARN_STRICT_PROTOTYPES = YES;
				CLANG_WARN_SUSPICIOUS_MOVE = YES;
				CLANG_WARN_UNGUARDED_AVAILABILITY = YES_AGGRESSIVE;
				CLANG_WARN_UNREACHABLE_CODE = YES;
				CLANG_WARN__DUPLICATE_METHOD_MATCH = YES;
				COPY_PHASE_STRIP = NO;
				DEBUG_INFORMATION_FORMAT = dwarf;
				DEVELOPMENT_TEAM = 7HMG9HH9T6;
				ENABLE_STRICT_OBJC_MSGSEND = YES;
				ENABLE_TESTABILITY = YES;
				ENABLE_USER_SCRIPT_SANDBOXING = YES;
				GCC_C_LANGUAGE_STANDARD = gnu17;
				GCC_DYNAMIC_NO_PIC = NO;
				GCC_NO_COMMON_BLOCKS = YES;
				GCC_OPTIMIZATION_LEVEL = 0;
				GCC_PREPROCESSOR_DEFINITIONS = (
					"DEBUG=1",
					"$(inherited)",
				);
				GCC_WARN_64_TO_32_BIT_CONVERSION = YES;
				GCC_WARN_ABOUT_RETURN_TYPE = YES_ERROR;
				GCC_WARN_UNDECLARED_SELECTOR = YES;
				GCC_WARN_UNINITIALIZED_AUTOS = YES_AGGRESSIVE;
				GCC_WARN_UNUSED_FUNCTION = YES;
				GCC_WARN_UNUSED_VARIABLE = YES;
				LOCALIZATION_PREFERS_STRING_CATALOGS = YES;
				MTL_ENABLE_DEBUG_INFO = INCLUDE_SOURCE;
				MTL_FAST_MATH = YES;
				ONLY_ACTIVE_ARCH = YES;
				SWIFT_ACTIVE_COMPILATION_CONDITIONS = "DEBUG $(inherited)";
				SWIFT_OPTIMIZATION_LEVEL = "-Onone";
			};
			name = Debug;
		};
		6FF8191E2E2F3DF100DAACDE /* Release */ = {
			isa = XCBuildConfiguration;
			buildSettings = {
				ALWAYS_SEARCH_USER_PATHS = NO;
				ASSETCATALOG_COMPILER_GENERATE_SWIFT_ASSET_SYMBOL_EXTENSIONS = YES;
				CLANG_ANALYZER_NONNULL = YES;
				CLANG_ANALYZER_NUMBER_OBJECT_CONVERSION = YES_AGGRESSIVE;
				CLANG_CXX_LANGUAGE_STANDARD = "gnu++20";
				CLANG_ENABLE_MODULES = YES;
				CLANG_ENABLE_OBJC_ARC = YES;
				CLANG_ENABLE_OBJC_WEAK = YES;
				CLANG_WARN_BLOCK_CAPTURE_AUTORELEASING = YES;
				CLANG_WARN_BOOL_CONVERSION = YES;
				CLANG_WARN_COMMA = YES;
				CLANG_WARN_CONSTANT_CONVERSION = YES;
				CLANG_WARN_DEPRECATED_OBJC_IMPLEMENTATIONS = YES;
				CLANG_WARN_DIRECT_OBJC_ISA_USAGE = YES_ERROR;
				CLANG_WARN_DOCUMENTATION_COMMENTS = YES;
				CLANG_WARN_EMPTY_BODY = YES;
				CLANG_WARN_ENUM_CONVERSION = YES;
				CLANG_WARN_INFINITE_RECURSION = YES;
				CLANG_WARN_INT_CONVERSION = YES;
				CLANG_WARN_NON_LITERAL_NULL_CONVERSION = YES;
				CLANG_WARN_OBJC_IMPLICIT_RETAIN_SELF = YES;
				CLANG_WARN_OBJC_LITERAL_CONVERSION = YES;
				CLANG_WARN_OBJC_ROOT_CLASS = YES_ERROR;
				CLANG_WARN_QUOTED_INCLUDE_IN_FRAMEWORK_HEADER = YES;
				CLANG_WARN_RANGE_LOOP_ANALYSIS = YES;
				CLANG_WARN_STRICT_PROTOTYPES = YES;
				CLANG_WARN_SUSPICIOUS_MOVE = YES;
				CLANG_WARN_UNGUARDED_AVAILABILITY = YES_AGGRESSIVE;
				CLANG_WARN_UNREACHABLE_CODE = YES;
				CLANG_WARN__DUPLICATE_METHOD_MATCH = YES;
				COPY_PHASE_STRIP = NO;
				DEBUG_INFORMATION_FORMAT = "dwarf-with-dsym";
				DEVELOPMENT_TEAM = 7HMG9HH9T6;
				ENABLE_NS_ASSERTIONS = NO;
				ENABLE_STRICT_OBJC_MSGSEND = YES;
				ENABLE_USER_SCRIPT_SANDBOXING = YES;
				GCC_C_LANGUAGE_STANDARD = gnu17;
				GCC_NO_COMMON_BLOCKS = YES;
				GCC_WARN_64_TO_32_BIT_CONVERSION = YES;
				GCC_WARN_ABOUT_RETURN_TYPE = YES_ERROR;
				GCC_WARN_UNDECLARED_SELECTOR = YES;
				GCC_WARN_UNINITIALIZED_AUTOS = YES_AGGRESSIVE;
				GCC_WARN_UNUSED_FUNCTION = YES;
				GCC_WARN_UNUSED_VARIABLE = YES;
				LOCALIZATION_PREFERS_STRING_CATALOGS = YES;
				MTL_ENABLE_DEBUG_INFO = NO;
				MTL_FAST_MATH = YES;
				SWIFT_COMPILATION_MODE = wholemodule;
			};
			name = Release;
		};
		6FF819202E2F3DF100DAACDE /* Debug */ = {
			isa = XCBuildConfiguration;
			buildSettings = {
				BUNDLE_LOADER = "$(TEST_HOST)";
				CODE_SIGN_STYLE = Automatic;
				CURRENT_PROJECT_VERSION = 1;
				DEVELOPMENT_TEAM = 7HMG9HH9T6;
				GENERATE_INFOPLIST_FILE = YES;
				IPHONEOS_DEPLOYMENT_TARGET = 18.5;
				MACOSX_DEPLOYMENT_TARGET = 15.5;
				MARKETING_VERSION = 1.0;
				PRODUCT_BUNDLE_IDENTIFIER = "Jumping-Quail-Solutions.Jumping-Quail-Solutions-BlogTests";
				PRODUCT_NAME = "$(TARGET_NAME)";
				SDKROOT = auto;
				SUPPORTED_PLATFORMS = "iphoneos iphonesimulator macosx xros xrsimulator";
				SWIFT_EMIT_LOC_STRINGS = NO;
				SWIFT_VERSION = 5.0;
				TARGETED_DEVICE_FAMILY = "1,2,7";
				TEST_HOST = "$(BUILT_PRODUCTS_DIR)/Jumping Quail Solutions Blog.app/$(BUNDLE_EXECUTABLE_FOLDER_PATH)/Jumping Quail Solutions Blog";
				XROS_DEPLOYMENT_TARGET = 2.5;
			};
			name = Debug;
		};
		6FF819212E2F3DF100DAACDE /* Release */ = {
			isa = XCBuildConfiguration;
			buildSettings = {
				BUNDLE_LOADER = "$(TEST_HOST)";
				CODE_SIGN_STYLE = Automatic;
				CURRENT_PROJECT_VERSION = 1;
				DEVELOPMENT_TEAM = 7HMG9HH9T6;
				GENERATE_INFOPLIST_FILE = YES;
				IPHONEOS_DEPLOYMENT_TARGET = 18.5;
				MACOSX_DEPLOYMENT_TARGET = 15.5;
				MARKETING_VERSION = 1.0;
				PRODUCT_BUNDLE_IDENTIFIER = "Jumping-Quail-Solutions.Jumping-Quail-Solutions-BlogTests";
				PRODUCT_NAME = "$(TARGET_NAME)";
				SDKROOT = auto;
				SUPPORTED_PLATFORMS = "iphoneos iphonesimulator macosx xros xrsimulator";
				SWIFT_EMIT_LOC_STRINGS = NO;
				SWIFT_VERSION = 5.0;
				TARGETED_DEVICE_FAMILY = "1,2,7";
				TEST_HOST = "$(BUILT_PRODUCTS_DIR)/Jumping Quail Solutions Blog.app/$(BUNDLE_EXECUTABLE_FOLDER_PATH)/Jumping Quail Solutions Blog";
				XROS_DEPLOYMENT_TARGET = 2.5;
			};
			name = Release;
		};
		6FF819232E2F3DF100DAACDE /* Debug */ = {
			isa = XCBuildConfiguration;
			buildSettings = {
				CODE_SIGN_STYLE = Automatic;
				CURRENT_PROJECT_VERSION = 1;
				DEVELOPMENT_TEAM = 7HMG9HH9T6;
				GENERATE_INFOPLIST_FILE = YES;
				IPHONEOS_DEPLOYMENT_TARGET = 18.5;
				MACOSX_DEPLOYMENT_TARGET = 15.5;
				MARKETING_VERSION = 1.0;
				PRODUCT_BUNDLE_IDENTIFIER = "Jumping-Quail-Solutions.Jumping-Quail-Solutions-BlogUITests";
				PRODUCT_NAME = "$(TARGET_NAME)";
				SDKROOT = auto;
				SUPPORTED_PLATFORMS = "iphoneos iphonesimulator macosx xros xrsimulator";
				SWIFT_EMIT_LOC_STRINGS = NO;
				SWIFT_VERSION = 5.0;
				TARGETED_DEVICE_FAMILY = "1,2,7";
				TEST_TARGET_NAME = "Jumping Quail Solutions Blog";
				XROS_DEPLOYMENT_TARGET = 2.5;
			};
			name = Debug;
		};
		6FF819242E2F3DF100DAACDE /* Release */ = {
			isa = XCBuildConfiguration;
			buildSettings = {
				CODE_SIGN_STYLE = Automatic;
				CURRENT_PROJECT_VERSION = 1;
				DEVELOPMENT_TEAM = 7HMG9HH9T6;
				GENERATE_INFOPLIST_FILE = YES;
				IPHONEOS_DEPLOYMENT_TARGET = 18.5;
				MACOSX_DEPLOYMENT_TARGET = 15.5;
				MARKETING_VERSION = 1.0;
				PRODUCT_BUNDLE_IDENTIFIER = "Jumping-Quail-Solutions.Jumping-Quail-Solutions-BlogUITests";
				PRODUCT_NAME = "$(TARGET_NAME)";
				SDKROOT = auto;
				SUPPORTED_PLATFORMS = "iphoneos iphonesimulator macosx xros xrsimulator";
				SWIFT_EMIT_LOC_STRINGS = NO;
				SWIFT_VERSION = 5.0;
				TARGETED_DEVICE_FAMILY = "1,2,7";
				TEST_TARGET_NAME = "Jumping Quail Solutions Blog";
				XROS_DEPLOYMENT_TARGET = 2.5;
			};
			name = Release;
		};
/* End XCBuildConfiguration section */

/* Begin XCConfigurationList section */
		6FF818EE2E2F3DF000DAACDE /* Build configuration list for PBXProject "Jumping Quail Solutions Blog" */ = {
			isa = XCConfigurationList;
			buildConfigurations = (
				6FF8191D2E2F3DF100DAACDE /* Debug */,
				6FF8191E2E2F3DF100DAACDE /* Release */,
			);
			defaultConfigurationIsVisible = 0;
			defaultConfigurationName = Release;
		};
		6FF8191A2E2F3DF100DAACDE /* Build configuration list for PBXNativeTarget "Jumping Quail Solutions Blog" */ = {
			isa = XCConfigurationList;
			buildConfigurations = (
				6FF8191B2E2F3DF100DAACDE /* Debug */,
				6FF8191C2E2F3DF100DAACDE /* Release */,
			);
			defaultConfigurationIsVisible = 0;
			defaultConfigurationName = Release;
		};
		6FF8191F2E2F3DF100DAACDE /* Build configuration list for PBXNativeTarget "Jumping Quail Solutions BlogTests" */ = {
			isa = XCConfigurationList;
			buildConfigurations = (
				6FF819202E2F3DF100DAACDE /* Debug */,
				6FF819212E2F3DF100DAACDE /* Release */,
			);
			defaultConfigurationIsVisible = 0;
			defaultConfigurationName = Release;
		};
		6FF819222E2F3DF100DAACDE /* Build configuration list for PBXNativeTarget "Jumping Quail Solutions BlogUITests" */ = {
			isa = XCConfigurationList;
			buildConfigurations = (
				6FF819232E2F3DF100DAACDE /* Debug */,
				6FF819242E2F3DF100DAACDE /* Release */,
			);
			defaultConfigurationIsVisible = 0;
			defaultConfigurationName = Release;
		};
/* End XCConfigurationList section */
	};
	rootObject = 6FF818EB2E2F3DF000DAACDE /* Project object */;
}
